
Microsoft Visual Studio Solution File, Format Version 12.00
# Visual Studio Version 16
VisualStudioVersion = 16.0.808.0
MinimumVisualStudioVersion = 10.0.40219.1
Project("{FAE04EC0-301F-11D3-BF4B-00C04F79EFBC}") = "LifeManager_BlazorServerUI", "LifeManager_BlazorServerUI.csproj", "{A8CE071A-B654-4626-8950-5D29EC55C9E4}"
EndProject
Global
	GlobalSection(SolutionConfigurationPlatforms) = preSolution
		Debug|Any CPU = Debug|Any CPU
		Release|Any CPU = Release|Any CPU
	EndGlobalSection
	GlobalSection(ProjectConfigurationPlatforms) = postSolution
		{A8CE071A-B654-4626-8950-5D29EC55C9E4}.Debug|Any CPU.ActiveCfg = Debug|Any CPU
		{A8CE071A-B654-4626-8950-5D29EC55C9E4}.Debug|Any CPU.Build.0 = Debug|Any CPU
		{A8CE071A-B654-4626-8950-5D29EC55C9E4}.Release|Any CPU.ActiveCfg = Release|Any CPU
		{A8CE071A-B654-4626-8950-5D29EC55C9E4}.Release|Any CPU.Build.0 = Release|Any CPU
		{D783BF0C-6021-45B5-A452-886656011D1E}.Debug|Any CPU.ActiveCfg = Debug|Any CPU
		{D783BF0C-6021-45B5-A452-886656011D1E}.Debug|Any CPU.Build.0 = Debug|Any CPU
		{D783BF0C-6021-45B5-A452-886656011D1E}.Release|Any CPU.ActiveCfg = Release|Any CPU
		{D783BF0C-6021-45B5-A452-886656011D1E}.Release|Any CPU.Build.0 = Release|Any CPU
		{578AEA78-E96A-4E3C-8018-4D04A8CC04C2}.Debug|Any CPU.ActiveCfg = Debug|Any CPU
		{578AEA78-E96A-4E3C-8018-4D04A8CC04C2}.Debug|Any CPU.Build.0 = Debug|Any CPU
		{578AEA78-E96A-4E3C-8018-4D04A8CC04C2}.Release|Any CPU.ActiveCfg = Release|Any CPU
		{578AEA78-E96A-4E3C-8018-4D04A8CC04C2}.Release|Any CPU.Build.0 = Release|Any CPU
	EndGlobalSection
	GlobalSection(SolutionProperties) = preSolution
		HideSolutionNode = FALSE
	EndGlobalSection
	GlobalSection(ExtensibilityGlobals) = postSolution
		SolutionGuid = {EE026319-2E26-4DE8-85D7-28487A0FED61}
	EndGlobalSection
EndGlobal
