
Microsoft Visual Studio Solution File, Format Version 12.00
# Visual Studio Version 16
VisualStudioVersion = 16.0.808.0
MinimumVisualStudioVersion = 10.0.40219.1
Project("{FAE04EC0-301F-11D3-BF4B-00C04F79EFBC}") = "LifeManager_BlazorServerUI", "LifeManager_BlazorServerUI.csproj", "{A8CE071A-B654-4626-8950-5D29EC55C9E4}"
EndProject
Project("{FAE04EC0-301F-11D3-BF4B-00C04F79EFBC}") = "LifeManager_BlazorServerUI_xUnit__bUnit", "LifeManager_BlazorServerUI_xUnit__bUnit\LifeManager_BlazorServerUI_xUnit__bUnit.csproj", "{D966B614-5E08-4438-BE0C-D5837FA6F41A}"
EndProject
Global
	GlobalSection(SolutionConfigurationPlatforms) = preSolution
		Debug|Any CPU = Debug|Any CPU
		Release|Any CPU = Release|Any CPU
	EndGlobalSection
	GlobalSection(ProjectConfigurationPlatforms) = postSolution
		{A8CE071A-B654-4626-8950-5D29EC55C9E4}.Debug|Any CPU.ActiveCfg = Debug|Any CPU
		{A8CE071A-B654-4626-8950-5D29EC55C9E4}.Debug|Any CPU.Build.0 = Debug|Any CPU
		{A8CE071A-B654-4626-8950-5D29EC55C9E4}.Release|Any CPU.ActiveCfg = Release|Any CPU
		{A8CE071A-B654-4626-8950-5D29EC55C9E4}.Release|Any CPU.Build.0 = Release|Any CPU
		{D966B614-5E08-4438-BE0C-D5837FA6F41A}.Debug|Any CPU.ActiveCfg = Debug|Any CPU
		{D966B614-5E08-4438-BE0C-D5837FA6F41A}.Debug|Any CPU.Build.0 = Debug|Any CPU
		{D966B614-5E08-4438-BE0C-D5837FA6F41A}.Release|Any CPU.ActiveCfg = Release|Any CPU
		{D966B614-5E08-4438-BE0C-D5837FA6F41A}.Release|Any CPU.Build.0 = Release|Any CPU
	EndGlobalSection
	GlobalSection(SolutionProperties) = preSolution
		HideSolutionNode = FALSE
	EndGlobalSection
	GlobalSection(ExtensibilityGlobals) = postSolution
		SolutionGuid = {EE026319-2E26-4DE8-85D7-28487A0FED61}
	EndGlobalSection
EndGlobal
